
Microsoft Visual Studio Solution File, Format Version 12.00
# Visual Studio Version 17
VisualStudioVersion = 17.7.34031.279
MinimumVisualStudioVersion = 10.0.40219.1
Project("{FAE04EC0-301F-11D3-BF4B-00C04F79EFBC}") = "Dialogo_modal", "Dialogo_modal\Dialogo_modal.csproj", "{A0E9A674-1064-41FE-B1B4-7A350FC647AE}"
EndProject
Project("{FAE04EC0-301F-11D3-BF4B-00C04F79EFBC}") = "Dialogo_modal.Client", "Dialogo_modal.Client\Dialogo_modal.Client.csproj", "{2BB1EAE3-C758-4F8A-A704-23D939397473}"
EndProject
Global
	GlobalSection(SolutionConfigurationPlatforms) = preSolution
		Debug|Any CPU = Debug|Any CPU
		Release|Any CPU = Release|Any CPU
	EndGlobalSection
	GlobalSection(ProjectConfigurationPlatforms) = postSolution
		{A0E9A674-1064-41FE-B1B4-7A350FC647AE}.Debug|Any CPU.ActiveCfg = Debug|Any CPU
		{A0E9A674-1064-41FE-B1B4-7A350FC647AE}.Debug|Any CPU.Build.0 = Debug|Any CPU
		{A0E9A674-1064-41FE-B1B4-7A350FC647AE}.Release|Any CPU.ActiveCfg = Release|Any CPU
		{A0E9A674-1064-41FE-B1B4-7A350FC647AE}.Release|Any CPU.Build.0 = Release|Any CPU
		{2BB1EAE3-C758-4F8A-A704-23D939397473}.Debug|Any CPU.ActiveCfg = Debug|Any CPU
		{2BB1EAE3-C758-4F8A-A704-23D939397473}.Debug|Any CPU.Build.0 = Debug|Any CPU
		{2BB1EAE3-C758-4F8A-A704-23D939397473}.Release|Any CPU.ActiveCfg = Release|Any CPU
		{2BB1EAE3-C758-4F8A-A704-23D939397473}.Release|Any CPU.Build.0 = Release|Any CPU
	EndGlobalSection
	GlobalSection(SolutionProperties) = preSolution
		HideSolutionNode = FALSE
	EndGlobalSection
	GlobalSection(ExtensibilityGlobals) = postSolution
		SolutionGuid = {44AD2B4D-CCD3-4A44-B5F8-7494C32FA049}
	EndGlobalSection
EndGlobal
